
Microsoft Visual Studio Solution File, Format Version 12.00
# Visual Studio Version 17
VisualStudioVersion = 17.7.34202.233
MinimumVisualStudioVersion = 10.0.40219.1
Project("{FAE04EC0-301F-11D3-BF4B-00C04F79EFBC}") = "Kruskal-s", "Kruskal-s\Kruskal-s.csproj", "{01FDFBB2-827F-4B09-9F9A-43A4123A1AA2}"
EndProject
Global
	GlobalSection(SolutionConfigurationPlatforms) = preSolution
		Debug|Any CPU = Debug|Any CPU
		Release|Any CPU = Release|Any CPU
	EndGlobalSection
	GlobalSection(ProjectConfigurationPlatforms) = postSolution
		{01FDFBB2-827F-4B09-9F9A-43A4123A1AA2}.Debug|Any CPU.ActiveCfg = Debug|Any CPU
		{01FDFBB2-827F-4B09-9F9A-43A4123A1AA2}.Debug|Any CPU.Build.0 = Debug|Any CPU
		{01FDFBB2-827F-4B09-9F9A-43A4123A1AA2}.Release|Any CPU.ActiveCfg = Release|Any CPU
		{01FDFBB2-827F-4B09-9F9A-43A4123A1AA2}.Release|Any CPU.Build.0 = Release|Any CPU
	EndGlobalSection
	GlobalSection(SolutionProperties) = preSolution
		HideSolutionNode = FALSE
	EndGlobalSection
	GlobalSection(ExtensibilityGlobals) = postSolution
		SolutionGuid = {7A7EECFA-3D1A-45D6-820D-505F1B2F96E4}
	EndGlobalSection
EndGlobal
